
Microsoft Visual Studio Solution File, Format Version 12.00
# Visual Studio Version 16
VisualStudioVersion = 16.0.31410.357
MinimumVisualStudioVersion = 10.0.40219.1
Project("{FAE04EC0-301F-11D3-BF4B-00C04F79EFBC}") = "Data Binding", "Data Binding\Data Binding.csproj", "{075F6171-71F1-4724-ADBF-387D58834E79}"
EndProject
Global
	GlobalSection(SolutionConfigurationPlatforms) = preSolution
		Debug|Any CPU = Debug|Any CPU
		Release|Any CPU = Release|Any CPU
	EndGlobalSection
	GlobalSection(ProjectConfigurationPlatforms) = postSolution
		{075F6171-71F1-4724-ADBF-387D58834E79}.Debug|Any CPU.ActiveCfg = Debug|Any CPU
		{075F6171-71F1-4724-ADBF-387D58834E79}.Debug|Any CPU.Build.0 = Debug|Any CPU
		{075F6171-71F1-4724-ADBF-387D58834E79}.Release|Any CPU.ActiveCfg = Release|Any CPU
		{075F6171-71F1-4724-ADBF-387D58834E79}.Release|Any CPU.Build.0 = Release|Any CPU
	EndGlobalSection
	GlobalSection(SolutionProperties) = preSolution
		HideSolutionNode = FALSE
	EndGlobalSection
	GlobalSection(ExtensibilityGlobals) = postSolution
		SolutionGuid = {4789DFD7-C149-4235-886D-875A6EC27E0B}
	EndGlobalSection
EndGlobal
